
Microsoft Visual Studio Solution File, Format Version 12.00
# Visual Studio Version 16
VisualStudioVersion = 25.0.1700.0
MinimumVisualStudioVersion = 10.0.40219.1
Project("{FAE04EC0-301F-11D3-BF4B-00C04F79EFBC}") = "Osvip.Api", "Osvip.Api.csproj", "{18FA050F-EDBE-4B72-B378-639E97DB0FE3}"
EndProject
Global
	GlobalSection(SolutionConfigurationPlatforms) = preSolution
		Debug|Any CPU = Debug|Any CPU
		Release|Any CPU = Release|Any CPU
	EndGlobalSection
	GlobalSection(ProjectConfigurationPlatforms) = postSolution
		{18FA050F-EDBE-4B72-B378-639E97DB0FE3}.Debug|Any CPU.ActiveCfg = Debug|Any CPU
		{18FA050F-EDBE-4B72-B378-639E97DB0FE3}.Debug|Any CPU.Build.0 = Debug|Any CPU
		{18FA050F-EDBE-4B72-B378-639E97DB0FE3}.Release|Any CPU.ActiveCfg = Release|Any CPU
		{18FA050F-EDBE-4B72-B378-639E97DB0FE3}.Release|Any CPU.Build.0 = Release|Any CPU
	EndGlobalSection
	GlobalSection(SolutionProperties) = preSolution
		HideSolutionNode = FALSE
	EndGlobalSection
	GlobalSection(ExtensibilityGlobals) = postSolution
		SolutionGuid = {7225D805-B713-4BA7-84F6-2511118C63C2}
	EndGlobalSection
EndGlobal
